{
  "name": "s10",
  "version": "1.0.0",
  "lockfileVersion": 3,
  "requires": true,
  "packages": {
    "": {
      "name": "s10",
      "version": "1.0.0",
      "license": "ISC",
      "dependencies": {
        "swiper": "^12.1.1"
      },
      "devDependencies": {}
    },
    "node_modules/swiper": {
      "version": "12.1.1",
      "resolved": "https://registry.npmjs.org/swiper/-/swiper-12.1.1.tgz",
      "integrity": "sha512-NB8Uvpu6m725Xf68l2hZBHD184v/ZAi6WIvAorDuR3gRuwCWbGSam233/8seeeIrMJ9isHGk/CTKFdpgeT5u2Q==",
      "funding": [
        {
          "type": "patreon",
          "url": "https://www.patreon.com/swiperjs"
        },
        {
          "type": "open_collective",
          "url": "http://opencollective.com/swiper"
        }
      ],
      "license": "MIT",
      "engines": {
        "node": ">= 4.7.0"
      }
    }
  }
}
